
Microsoft Visual Studio Solution File, Format Version 12.00
# Visual Studio Version 16
VisualStudioVersion = 16.0.31205.134
MinimumVisualStudioVersion = 10.0.40219.1
Project("{FAE04EC0-301F-11D3-BF4B-00C04F79EFBC}") = "My_Tip_Calculator", "My_Tip_Calculator\My_Tip_Calculator.csproj", "{8D7EF8CE-8630-430F-82EF-EF56A632A094}"
EndProject
Global
	GlobalSection(SolutionConfigurationPlatforms) = preSolution
		Debug|Any CPU = Debug|Any CPU
		Release|Any CPU = Release|Any CPU
	EndGlobalSection
	GlobalSection(ProjectConfigurationPlatforms) = postSolution
		{8D7EF8CE-8630-430F-82EF-EF56A632A094}.Debug|Any CPU.ActiveCfg = Debug|Any CPU
		{8D7EF8CE-8630-430F-82EF-EF56A632A094}.Debug|Any CPU.Build.0 = Debug|Any CPU
		{8D7EF8CE-8630-430F-82EF-EF56A632A094}.Release|Any CPU.ActiveCfg = Release|Any CPU
		{8D7EF8CE-8630-430F-82EF-EF56A632A094}.Release|Any CPU.Build.0 = Release|Any CPU
	EndGlobalSection
	GlobalSection(SolutionProperties) = preSolution
		HideSolutionNode = FALSE
	EndGlobalSection
	GlobalSection(ExtensibilityGlobals) = postSolution
		SolutionGuid = {98E66578-AEE6-4AEA-8353-ED07549B8815}
	EndGlobalSection
EndGlobal
